
Microsoft Visual Studio Solution File, Format Version 12.00
# Visual Studio Version 17
VisualStudioVersion = 17.7.34221.43
MinimumVisualStudioVersion = 10.0.40219.1
Project("{FAE04EC0-301F-11D3-BF4B-00C04F79EFBC}") = "ComProducerSharp", "ComSharp\ComProducerSharp.csproj", "{CBC3EB44-9ED9-43E0-B06A-72833AA42E5D}"
EndProject
Project("{8BC9CEB8-8B4A-11D0-8D11-00A0C91BC942}") = "ComConsumerCpp", "ComConsumerCpp\ComConsumerCpp.vcxproj", "{B0D80C19-669C-4084-8CFB-D5F148F68EE3}"
EndProject
Project("{8BC9CEB8-8B4A-11D0-8D11-00A0C91BC942}") = "ComConsumerLibrary", "ComConsumerLibrary\ComConsumerLibrary.vcxproj", "{565FBA77-3262-4402-BDD1-7F498198EDA3}"
EndProject
Global
	GlobalSection(SolutionConfigurationPlatforms) = preSolution
		Debug|Any CPU = Debug|Any CPU
		Debug|x64 = Debug|x64
		Debug|x86 = Debug|x86
		Release|Any CPU = Release|Any CPU
		Release|x64 = Release|x64
		Release|x86 = Release|x86
	EndGlobalSection
	GlobalSection(ProjectConfigurationPlatforms) = postSolution
		{CBC3EB44-9ED9-43E0-B06A-72833AA42E5D}.Debug|Any CPU.ActiveCfg = Debug|Any CPU
		{CBC3EB44-9ED9-43E0-B06A-72833AA42E5D}.Debug|Any CPU.Build.0 = Debug|Any CPU
		{CBC3EB44-9ED9-43E0-B06A-72833AA42E5D}.Debug|x64.ActiveCfg = Debug|Any CPU
		{CBC3EB44-9ED9-43E0-B06A-72833AA42E5D}.Debug|x64.Build.0 = Debug|Any CPU
		{CBC3EB44-9ED9-43E0-B06A-72833AA42E5D}.Debug|x86.ActiveCfg = Debug|Any CPU
		{CBC3EB44-9ED9-43E0-B06A-72833AA42E5D}.Debug|x86.Build.0 = Debug|Any CPU
		{CBC3EB44-9ED9-43E0-B06A-72833AA42E5D}.Release|Any CPU.ActiveCfg = Release|Any CPU
		{CBC3EB44-9ED9-43E0-B06A-72833AA42E5D}.Release|Any CPU.Build.0 = Release|Any CPU
		{CBC3EB44-9ED9-43E0-B06A-72833AA42E5D}.Release|x64.ActiveCfg = Release|Any CPU
		{CBC3EB44-9ED9-43E0-B06A-72833AA42E5D}.Release|x64.Build.0 = Release|Any CPU
		{CBC3EB44-9ED9-43E0-B06A-72833AA42E5D}.Release|x86.ActiveCfg = Release|Any CPU
		{CBC3EB44-9ED9-43E0-B06A-72833AA42E5D}.Release|x86.Build.0 = Release|Any CPU
		{B0D80C19-669C-4084-8CFB-D5F148F68EE3}.Debug|Any CPU.ActiveCfg = Debug|x64
		{B0D80C19-669C-4084-8CFB-D5F148F68EE3}.Debug|Any CPU.Build.0 = Debug|x64
		{B0D80C19-669C-4084-8CFB-D5F148F68EE3}.Debug|x64.ActiveCfg = Debug|x64
		{B0D80C19-669C-4084-8CFB-D5F148F68EE3}.Debug|x64.Build.0 = Debug|x64
		{B0D80C19-669C-4084-8CFB-D5F148F68EE3}.Debug|x86.ActiveCfg = Debug|Win32
		{B0D80C19-669C-4084-8CFB-D5F148F68EE3}.Debug|x86.Build.0 = Debug|Win32
		{B0D80C19-669C-4084-8CFB-D5F148F68EE3}.Release|Any CPU.ActiveCfg = Release|x64
		{B0D80C19-669C-4084-8CFB-D5F148F68EE3}.Release|Any CPU.Build.0 = Release|x64
		{B0D80C19-669C-4084-8CFB-D5F148F68EE3}.Release|x64.ActiveCfg = Release|x64
		{B0D80C19-669C-4084-8CFB-D5F148F68EE3}.Release|x64.Build.0 = Release|x64
		{B0D80C19-669C-4084-8CFB-D5F148F68EE3}.Release|x86.ActiveCfg = Release|Win32
		{B0D80C19-669C-4084-8CFB-D5F148F68EE3}.Release|x86.Build.0 = Release|Win32
		{565FBA77-3262-4402-BDD1-7F498198EDA3}.Debug|Any CPU.ActiveCfg = Debug|x64
		{565FBA77-3262-4402-BDD1-7F498198EDA3}.Debug|Any CPU.Build.0 = Debug|x64
		{565FBA77-3262-4402-BDD1-7F498198EDA3}.Debug|x64.ActiveCfg = Debug|x64
		{565FBA77-3262-4402-BDD1-7F498198EDA3}.Debug|x64.Build.0 = Debug|x64
		{565FBA77-3262-4402-BDD1-7F498198EDA3}.Debug|x86.ActiveCfg = Debug|Win32
		{565FBA77-3262-4402-BDD1-7F498198EDA3}.Debug|x86.Build.0 = Debug|Win32
		{565FBA77-3262-4402-BDD1-7F498198EDA3}.Release|Any CPU.ActiveCfg = Release|x64
		{565FBA77-3262-4402-BDD1-7F498198EDA3}.Release|Any CPU.Build.0 = Release|x64
		{565FBA77-3262-4402-BDD1-7F498198EDA3}.Release|x64.ActiveCfg = Release|x64
		{565FBA77-3262-4402-BDD1-7F498198EDA3}.Release|x64.Build.0 = Release|x64
		{565FBA77-3262-4402-BDD1-7F498198EDA3}.Release|x86.ActiveCfg = Release|Win32
		{565FBA77-3262-4402-BDD1-7F498198EDA3}.Release|x86.Build.0 = Release|Win32
	EndGlobalSection
	GlobalSection(SolutionProperties) = preSolution
		HideSolutionNode = FALSE
	EndGlobalSection
	GlobalSection(ExtensibilityGlobals) = postSolution
		SolutionGuid = {FBEE3A94-929F-4E40-8EFC-816ECF15F8AD}
	EndGlobalSection
EndGlobal
